
Microsoft Visual Studio Solution File, Format Version 11.00
# Visual Studio 2010
Project("{FAE04EC0-301F-11D3-BF4B-00C04F79EFBC}") = "IsoBlade-3D", "Assembly-CSharp.csproj", "{EC12079A-59DF-5373-5313-3E8AB21F4236}"
EndProject
Project("{FAE04EC0-301F-11D3-BF4B-00C04F79EFBC}") = "IsoBlade-3D", "Assembly-CSharp-Editor.csproj", "{5D2C046D-67E6-9F98-AD1E-C5711B64BB7C}"
EndProject
Global
	GlobalSection(SolutionConfigurationPlatforms) = preSolution
		Debug|Any CPU = Debug|Any CPU
		Release|Any CPU = Release|Any CPU
	EndGlobalSection
	GlobalSection(ProjectConfigurationPlatforms) = postSolution
		{EC12079A-59DF-5373-5313-3E8AB21F4236}.Debug|Any CPU.ActiveCfg = Debug|Any CPU
		{EC12079A-59DF-5373-5313-3E8AB21F4236}.Debug|Any CPU.Build.0 = Debug|Any CPU
		{EC12079A-59DF-5373-5313-3E8AB21F4236}.Release|Any CPU.ActiveCfg = Release|Any CPU
		{EC12079A-59DF-5373-5313-3E8AB21F4236}.Release|Any CPU.Build.0 = Release|Any CPU
		{5D2C046D-67E6-9F98-AD1E-C5711B64BB7C}.Debug|Any CPU.ActiveCfg = Debug|Any CPU
		{5D2C046D-67E6-9F98-AD1E-C5711B64BB7C}.Debug|Any CPU.Build.0 = Debug|Any CPU
		{5D2C046D-67E6-9F98-AD1E-C5711B64BB7C}.Release|Any CPU.ActiveCfg = Release|Any CPU
		{5D2C046D-67E6-9F98-AD1E-C5711B64BB7C}.Release|Any CPU.Build.0 = Release|Any CPU
	EndGlobalSection
	GlobalSection(SolutionProperties) = preSolution
		HideSolutionNode = FALSE
	EndGlobalSection
	GlobalSection(MonoDevelopProperties) = preSolution
		StartupItem = Assembly-CSharp.csproj
	EndGlobalSection
EndGlobal
